# SPDX-License-Identifier: AGPL-3.0-or-later

- type: entity
  id: FirelockElectronics
  parent: BaseElectronics
  name: circuit de porte coupe-feu
  description: Un circuit imprimé utilisé pour détecter les différences de pression, température et concentrations de gaz entre les deux côtés de la porte.
  components:
    - type: Item
      storedRotation: 0
    - type: Sprite
      sprite: Objects/Misc/module.rsi
      state: mainboard
    - type: Tag
      tags:
      - DroneUsable # Goobstation
      - FirelockElectronics
    - type: StaticPrice
      price: 61
    - type: PhysicalComposition
      materialComposition:
        Glass: 0
      chemicalComposition:
        Silicon: 20