- type: entity
  parent: BaseItem
  id: ObraDinnClock
  name: montre de l'évaluateur d'assurances
  description: un vieil héritage qui semble tic-tacquer à l'envers
  components:
  - type: Sprite
    sprite: _Goobstation/Objects/Specific/Security/Obradinnclock.rsi
    state: icon
  - type: Item
    sprite: _Goobstation/Objects/Specific/Security/Obradinnclock.rsi
    size: Small
  - type: ObraDinnClock
